
Microsoft Visual Studio Solution File, Format Version 12.00
# Visual Studio 14
VisualStudioVersion = 14.0.24720.0
MinimumVisualStudioVersion = 10.0.40219.1
Project("{FAE04EC0-301F-11D3-BF4B-00C04F79EFBC}") = "MultiSiteAzureDeployment", "MultiSiteAzureDeployment\MultiSiteAzureDeployment.csproj", "{366BE3CA-FF22-49D0-87F4-BB3BE2537DDD}"
EndProject
Project("{FAE04EC0-301F-11D3-BF4B-00C04F79EFBC}") = "MultiSiteDeployment.Common", "MultiSiteDeployment.Common\MultiSiteDeployment.Common.csproj", "{C98E9338-17B3-4B00-97EC-B04B1E04B642}"
EndProject
Project("{FAE04EC0-301F-11D3-BF4B-00C04F79EFBC}") = "MultiSiteAzureDeployment.API", "MultiSiteAzureDeployment.API\MultiSiteAzureDeployment.API.csproj", "{66BF52CC-8D68-418A-9F42-1D019CF10F93}"
EndProject
Global
	GlobalSection(SolutionConfigurationPlatforms) = preSolution
		Debug|Any CPU = Debug|Any CPU
		Release|Any CPU = Release|Any CPU
	EndGlobalSection
	GlobalSection(ProjectConfigurationPlatforms) = postSolution
		{366BE3CA-FF22-49D0-87F4-BB3BE2537DDD}.Debug|Any CPU.ActiveCfg = Debug|Any CPU
		{366BE3CA-FF22-49D0-87F4-BB3BE2537DDD}.Debug|Any CPU.Build.0 = Debug|Any CPU
		{366BE3CA-FF22-49D0-87F4-BB3BE2537DDD}.Release|Any CPU.ActiveCfg = Release|Any CPU
		{366BE3CA-FF22-49D0-87F4-BB3BE2537DDD}.Release|Any CPU.Build.0 = Release|Any CPU
		{C98E9338-17B3-4B00-97EC-B04B1E04B642}.Debug|Any CPU.ActiveCfg = Debug|Any CPU
		{C98E9338-17B3-4B00-97EC-B04B1E04B642}.Debug|Any CPU.Build.0 = Debug|Any CPU
		{C98E9338-17B3-4B00-97EC-B04B1E04B642}.Release|Any CPU.ActiveCfg = Release|Any CPU
		{C98E9338-17B3-4B00-97EC-B04B1E04B642}.Release|Any CPU.Build.0 = Release|Any CPU
		{66BF52CC-8D68-418A-9F42-1D019CF10F93}.Debug|Any CPU.ActiveCfg = Debug|Any CPU
		{66BF52CC-8D68-418A-9F42-1D019CF10F93}.Debug|Any CPU.Build.0 = Debug|Any CPU
		{66BF52CC-8D68-418A-9F42-1D019CF10F93}.Release|Any CPU.ActiveCfg = Release|Any CPU
		{66BF52CC-8D68-418A-9F42-1D019CF10F93}.Release|Any CPU.Build.0 = Release|Any CPU
	EndGlobalSection
	GlobalSection(SolutionProperties) = preSolution
		HideSolutionNode = FALSE
	EndGlobalSection
EndGlobal
